
Microsoft Visual Studio Solution File, Format Version 12.00
Project("{FAE04EC0-301F-11D3-BF4B-00C04F79EFBC}") = "Assignment 2 Hello_World", "Assignment 2 Hello_World\Assignment 2 Hello_World.csproj", "{D62EEEDF-CCE3-4883-87EB-98363EDFCDAB}"
EndProject
Global
	GlobalSection(SolutionConfigurationPlatforms) = preSolution
		Debug|Any CPU = Debug|Any CPU
		Release|Any CPU = Release|Any CPU
	EndGlobalSection
	GlobalSection(ProjectConfigurationPlatforms) = postSolution
		{D62EEEDF-CCE3-4883-87EB-98363EDFCDAB}.Debug|Any CPU.ActiveCfg = Debug|Any CPU
		{D62EEEDF-CCE3-4883-87EB-98363EDFCDAB}.Debug|Any CPU.Build.0 = Debug|Any CPU
		{D62EEEDF-CCE3-4883-87EB-98363EDFCDAB}.Release|Any CPU.ActiveCfg = Release|Any CPU
		{D62EEEDF-CCE3-4883-87EB-98363EDFCDAB}.Release|Any CPU.Build.0 = Release|Any CPU
	EndGlobalSection
EndGlobal
